
Microsoft Visual Studio Solution File, Format Version 12.00
# Visual Studio 14
VisualStudioVersion = 14.0.25123.0
MinimumVisualStudioVersion = 10.0.40219.1
Project("{FAE04EC0-301F-11D3-BF4B-00C04F79EFBC}") = "SteamSpySharp", "SteamSpySharp\SteamSpySharp.csproj", "{60EB4359-EBD5-4BFC-8964-3B1FDC97554F}"
EndProject
Project("{2150E333-8FDC-42A3-9474-1A3956D46DE8}") = "Tests", "Tests", "{B259EB79-B392-47F4-871B-3D6C7ACFAE10}"
EndProject
Project("{FAE04EC0-301F-11D3-BF4B-00C04F79EFBC}") = "SteamSpySharp.Tests", "Tests\SteamSpySharp.Tests\SteamSpySharp.Tests.csproj", "{DB8B8DC1-0256-4B6E-B6B1-98759A07B21E}"
EndProject
Global
	GlobalSection(SolutionConfigurationPlatforms) = preSolution
		Debug|Any CPU = Debug|Any CPU
		Debug|ARM = Debug|ARM
		Debug|x64 = Debug|x64
		Debug|x86 = Debug|x86
		Release|Any CPU = Release|Any CPU
		Release|ARM = Release|ARM
		Release|x64 = Release|x64
		Release|x86 = Release|x86
	EndGlobalSection
	GlobalSection(ProjectConfigurationPlatforms) = postSolution
		{60EB4359-EBD5-4BFC-8964-3B1FDC97554F}.Debug|Any CPU.ActiveCfg = Debug|Any CPU
		{60EB4359-EBD5-4BFC-8964-3B1FDC97554F}.Debug|Any CPU.Build.0 = Debug|Any CPU
		{60EB4359-EBD5-4BFC-8964-3B1FDC97554F}.Debug|ARM.ActiveCfg = Debug|Any CPU
		{60EB4359-EBD5-4BFC-8964-3B1FDC97554F}.Debug|ARM.Build.0 = Debug|Any CPU
		{60EB4359-EBD5-4BFC-8964-3B1FDC97554F}.Debug|x64.ActiveCfg = Debug|Any CPU
		{60EB4359-EBD5-4BFC-8964-3B1FDC97554F}.Debug|x64.Build.0 = Debug|Any CPU
		{60EB4359-EBD5-4BFC-8964-3B1FDC97554F}.Debug|x86.ActiveCfg = Debug|Any CPU
		{60EB4359-EBD5-4BFC-8964-3B1FDC97554F}.Debug|x86.Build.0 = Debug|Any CPU
		{60EB4359-EBD5-4BFC-8964-3B1FDC97554F}.Release|Any CPU.ActiveCfg = Release|Any CPU
		{60EB4359-EBD5-4BFC-8964-3B1FDC97554F}.Release|Any CPU.Build.0 = Release|Any CPU
		{60EB4359-EBD5-4BFC-8964-3B1FDC97554F}.Release|ARM.ActiveCfg = Release|Any CPU
		{60EB4359-EBD5-4BFC-8964-3B1FDC97554F}.Release|ARM.Build.0 = Release|Any CPU
		{60EB4359-EBD5-4BFC-8964-3B1FDC97554F}.Release|x64.ActiveCfg = Release|Any CPU
		{60EB4359-EBD5-4BFC-8964-3B1FDC97554F}.Release|x64.Build.0 = Release|Any CPU
		{60EB4359-EBD5-4BFC-8964-3B1FDC97554F}.Release|x86.ActiveCfg = Release|Any CPU
		{60EB4359-EBD5-4BFC-8964-3B1FDC97554F}.Release|x86.Build.0 = Release|Any CPU
		{DB8B8DC1-0256-4B6E-B6B1-98759A07B21E}.Debug|Any CPU.ActiveCfg = Debug|Any CPU
		{DB8B8DC1-0256-4B6E-B6B1-98759A07B21E}.Debug|Any CPU.Build.0 = Debug|Any CPU
		{DB8B8DC1-0256-4B6E-B6B1-98759A07B21E}.Debug|ARM.ActiveCfg = Debug|Any CPU
		{DB8B8DC1-0256-4B6E-B6B1-98759A07B21E}.Debug|ARM.Build.0 = Debug|Any CPU
		{DB8B8DC1-0256-4B6E-B6B1-98759A07B21E}.Debug|x64.ActiveCfg = Debug|Any CPU
		{DB8B8DC1-0256-4B6E-B6B1-98759A07B21E}.Debug|x64.Build.0 = Debug|Any CPU
		{DB8B8DC1-0256-4B6E-B6B1-98759A07B21E}.Debug|x86.ActiveCfg = Debug|Any CPU
		{DB8B8DC1-0256-4B6E-B6B1-98759A07B21E}.Debug|x86.Build.0 = Debug|Any CPU
		{DB8B8DC1-0256-4B6E-B6B1-98759A07B21E}.Release|Any CPU.ActiveCfg = Release|Any CPU
		{DB8B8DC1-0256-4B6E-B6B1-98759A07B21E}.Release|Any CPU.Build.0 = Release|Any CPU
		{DB8B8DC1-0256-4B6E-B6B1-98759A07B21E}.Release|ARM.ActiveCfg = Release|Any CPU
		{DB8B8DC1-0256-4B6E-B6B1-98759A07B21E}.Release|ARM.Build.0 = Release|Any CPU
		{DB8B8DC1-0256-4B6E-B6B1-98759A07B21E}.Release|x64.ActiveCfg = Release|Any CPU
		{DB8B8DC1-0256-4B6E-B6B1-98759A07B21E}.Release|x64.Build.0 = Release|Any CPU
		{DB8B8DC1-0256-4B6E-B6B1-98759A07B21E}.Release|x86.ActiveCfg = Release|Any CPU
		{DB8B8DC1-0256-4B6E-B6B1-98759A07B21E}.Release|x86.Build.0 = Release|Any CPU
	EndGlobalSection
	GlobalSection(SolutionProperties) = preSolution
		HideSolutionNode = FALSE
	EndGlobalSection
	GlobalSection(NestedProjects) = preSolution
		{DB8B8DC1-0256-4B6E-B6B1-98759A07B21E} = {B259EB79-B392-47F4-871B-3D6C7ACFAE10}
	EndGlobalSection
EndGlobal
